
Microsoft Visual Studio Solution File, Format Version 12.00
# Visual Studio Version 16
VisualStudioVersion = 16.0.30225.117
MinimumVisualStudioVersion = 10.0.40219.1
Project("{FAE04EC0-301F-11D3-BF4B-00C04F79EFBC}") = "Hubery.Tools", "Hubery.Tools\Hubery.Tools.csproj", "{69FC1E39-09F3-4750-8683-44390A3AF3C6}"
EndProject
Global
	GlobalSection(SolutionConfigurationPlatforms) = preSolution
		Debug|Any CPU = Debug|Any CPU
		Release|Any CPU = Release|Any CPU
	EndGlobalSection
	GlobalSection(ProjectConfigurationPlatforms) = postSolution
		{69FC1E39-09F3-4750-8683-44390A3AF3C6}.Debug|Any CPU.ActiveCfg = Debug|Any CPU
		{69FC1E39-09F3-4750-8683-44390A3AF3C6}.Debug|Any CPU.Build.0 = Debug|Any CPU
		{69FC1E39-09F3-4750-8683-44390A3AF3C6}.Release|Any CPU.ActiveCfg = Release|Any CPU
		{69FC1E39-09F3-4750-8683-44390A3AF3C6}.Release|Any CPU.Build.0 = Release|Any CPU
	EndGlobalSection
	GlobalSection(SolutionProperties) = preSolution
		HideSolutionNode = FALSE
	EndGlobalSection
	GlobalSection(ExtensibilityGlobals) = postSolution
		SolutionGuid = {B4B6F873-A609-48CE-987C-7ACD7F2AF2C4}
	EndGlobalSection
EndGlobal
